schema: '2.0'
stages:
  prepare:
    cmd: python src/create_features.py
    deps:
    - path: data/adult.data
      hash: md5
      md5: 5d7c39d7b8804f071cdd1f2a7c460872
      size: 3974305
    - path: data/adult.test
      hash: md5
      md5: 366c746021dc50ad9d933d2817612fc9
      size: 2003132
    - path: src/create_features.py
      hash: md5
      md5: b93aea27ba45f8b24bdd52928f1f2b99
      size: 2564
    params:
      params.yaml:
        features.chi2percentile: 50
        features.test_path: data/adult.test
        features.train_path: data/adult.data
    outs:
    - path: data/pipeline.pkl
      hash: md5
      md5: 2ff2f4415c961f1b4220d6b141e5f6f1
      size: 6072
    - path: data/processed_test_data.csv
      hash: md5
      md5: a59c8daac38fe1ca84dda2b458ee762a
      size: 5409602
    - path: data/processed_train_data.csv
      hash: md5
      md5: adf63b6ce20f7ee74f63d5dabb325226
      size: 10829967
  preprocess:
    cmd: python src/preprocessing.py
    deps:
    - path: data/Amazon_stock_data_2000_2025.csv
      hash: md5
      md5: a1f82442518cb06afa92746a852b5698
      size: 792492
    - path: src/preprocessing.py
      hash: md5
      md5: 3390a5e5b976f2f58cc6dff8b5d55921
      size: 779
    outs:
    - path: data/processed_amazon_stock.csv
      hash: md5
      md5: 226df1e45f64fe01b41b995f7d840747
      size: 1279832
